GIT
  remote: https://github.com/trailblazer/trailblazer-activity-dsl-linear.git
  revision: 47e741ddaa682f9ed797107714c0d88765a8390e
  branch: 2-2-positional-circuit-interface
  specs:
    trailblazer-activity-dsl-linear (2.0.0)
      trailblazer-activity (>= 0.18.0, < 0.19.0)
      trailblazer-declarative (>= 0.0.1, < 0.1.0)

GIT
  remote: https://github.com/trailblazer/trailblazer-activity.git
  revision: f53967ee1826f8e1dc2e19c61cdacf8966549550
  branch: 2-2-positional-circuit-interface
  specs:
    trailblazer-activity (0.18.0)
      trailblazer-context (~> 0.5.0)

GIT
  remote: https://github.com/trailblazer/trailblazer-core-utils.git
  revision: 8825f11a722bd3eb09a6a3f06ade704823a0203a
  specs:
    trailblazer-core-utils (0.1.0)

GIT
  remote: https://github.com/trailblazer/trailblazer-developer.git
  revision: 98fec97e65137865fa4473bae1f137a0233402e9
  branch: 2-2
  specs:
    trailblazer-developer (0.2.0)
      hirb
      trailblazer-activity-dsl-linear (>= 2.0.0, < 2.1.0)

PATH
  remote: .
  specs:
    trailblazer-invoke (0.0.1)
      trailblazer-activity-dsl-linear (>= 2.0.0, < 2.1.0)

GEM
  remote: https://rubygems.org/
  specs:
    hashie (5.0.0)
    hirb (0.7.3)
    minitest (5.25.5)
    minitest-line (0.6.5)
      minitest (~> 5.0)
    rake (13.3.0)
    trailblazer-context (0.5.1)
      hashie (>= 3.0.0)
    trailblazer-declarative (0.0.2)

PLATFORMS
  ruby

DEPENDENCIES
  minitest (~> 5.0)
  minitest-line
  rake (~> 13.0)
  trailblazer-activity!
  trailblazer-activity-dsl-linear!
  trailblazer-core-utils!
  trailblazer-developer!
  trailblazer-invoke!

BUNDLED WITH
   2.5.22
